
Microsoft Visual Studio Solution File, Format Version 12.00
Project("{FAE04EC0-301F-11D3-BF4B-00C04F79EFBC}") = "Models", "src\Models\Models.csproj", "{DCE672DA-06B5-4078-A0D7-25FC88FFC896}"
EndProject
Project("{FAE04EC0-301F-11D3-BF4B-00C04F79EFBC}") = "Data", "src\Data\Data.csproj", "{D5B64372-A20D-4A94-A97F-09AE1292BE3C}"
EndProject
Project("{FAE04EC0-301F-11D3-BF4B-00C04F79EFBC}") = "Coolicky.ConstructionLogistics.Api", "src\Coolicky.ConstructionLogistics.Api\Coolicky.ConstructionLogistics.Api.csproj", "{07A35A91-1929-4AA1-8388-24D60CC51AAD}"
EndProject
Project("{2150E333-8FDC-42A3-9474-1A3956D46DE8}") = "Migrations", "Migrations", "{E2941011-D363-4B8D-8A16-B468B8D6307D}"
EndProject
Project("{FAE04EC0-301F-11D3-BF4B-00C04F79EFBC}") = "Postgres", "src\Migrations\Postgres\Postgres.csproj", "{7EA0F1E2-DB18-447C-9DBA-3F1F93B04053}"
EndProject
Project("{FAE04EC0-301F-11D3-BF4B-00C04F79EFBC}") = "Sqlite", "src\Migrations\Sqlite\Sqlite.csproj", "{E07FC85D-242C-4329-BD91-2B122480296D}"
EndProject
Project("{FAE04EC0-301F-11D3-BF4B-00C04F79EFBC}") = "SqlServer", "src\Migrations\SqlServer\SqlServer.csproj", "{BCE6E673-5851-4744-9DB5-1B75F66DD8CE}"
EndProject
Project("{FAE04EC0-301F-11D3-BF4B-00C04F79EFBC}") = "Infrastructure", "src\Infrastructure\Infrastructure.csproj", "{690603D0-F761-4C1A-835D-ED6A0405E711}"
EndProject
Global
	GlobalSection(SolutionConfigurationPlatforms) = preSolution
		Debug|Any CPU = Debug|Any CPU
		Release|Any CPU = Release|Any CPU
	EndGlobalSection
	GlobalSection(ProjectConfigurationPlatforms) = postSolution
		{DCE672DA-06B5-4078-A0D7-25FC88FFC896}.Debug|Any CPU.ActiveCfg = Debug|Any CPU
		{DCE672DA-06B5-4078-A0D7-25FC88FFC896}.Debug|Any CPU.Build.0 = Debug|Any CPU
		{DCE672DA-06B5-4078-A0D7-25FC88FFC896}.Release|Any CPU.ActiveCfg = Release|Any CPU
		{DCE672DA-06B5-4078-A0D7-25FC88FFC896}.Release|Any CPU.Build.0 = Release|Any CPU
		{D5B64372-A20D-4A94-A97F-09AE1292BE3C}.Debug|Any CPU.ActiveCfg = Debug|Any CPU
		{D5B64372-A20D-4A94-A97F-09AE1292BE3C}.Debug|Any CPU.Build.0 = Debug|Any CPU
		{D5B64372-A20D-4A94-A97F-09AE1292BE3C}.Release|Any CPU.ActiveCfg = Release|Any CPU
		{D5B64372-A20D-4A94-A97F-09AE1292BE3C}.Release|Any CPU.Build.0 = Release|Any CPU
		{07A35A91-1929-4AA1-8388-24D60CC51AAD}.Debug|Any CPU.ActiveCfg = Debug|Any CPU
		{07A35A91-1929-4AA1-8388-24D60CC51AAD}.Debug|Any CPU.Build.0 = Debug|Any CPU
		{07A35A91-1929-4AA1-8388-24D60CC51AAD}.Release|Any CPU.ActiveCfg = Release|Any CPU
		{07A35A91-1929-4AA1-8388-24D60CC51AAD}.Release|Any CPU.Build.0 = Release|Any CPU
		{7EA0F1E2-DB18-447C-9DBA-3F1F93B04053}.Debug|Any CPU.ActiveCfg = Debug|Any CPU
		{7EA0F1E2-DB18-447C-9DBA-3F1F93B04053}.Debug|Any CPU.Build.0 = Debug|Any CPU
		{7EA0F1E2-DB18-447C-9DBA-3F1F93B04053}.Release|Any CPU.ActiveCfg = Release|Any CPU
		{7EA0F1E2-DB18-447C-9DBA-3F1F93B04053}.Release|Any CPU.Build.0 = Release|Any CPU
		{E07FC85D-242C-4329-BD91-2B122480296D}.Debug|Any CPU.ActiveCfg = Debug|Any CPU
		{E07FC85D-242C-4329-BD91-2B122480296D}.Debug|Any CPU.Build.0 = Debug|Any CPU
		{E07FC85D-242C-4329-BD91-2B122480296D}.Release|Any CPU.ActiveCfg = Release|Any CPU
		{E07FC85D-242C-4329-BD91-2B122480296D}.Release|Any CPU.Build.0 = Release|Any CPU
		{BCE6E673-5851-4744-9DB5-1B75F66DD8CE}.Debug|Any CPU.ActiveCfg = Debug|Any CPU
		{BCE6E673-5851-4744-9DB5-1B75F66DD8CE}.Debug|Any CPU.Build.0 = Debug|Any CPU
		{BCE6E673-5851-4744-9DB5-1B75F66DD8CE}.Release|Any CPU.ActiveCfg = Release|Any CPU
		{BCE6E673-5851-4744-9DB5-1B75F66DD8CE}.Release|Any CPU.Build.0 = Release|Any CPU
		{690603D0-F761-4C1A-835D-ED6A0405E711}.Debug|Any CPU.ActiveCfg = Debug|Any CPU
		{690603D0-F761-4C1A-835D-ED6A0405E711}.Debug|Any CPU.Build.0 = Debug|Any CPU
		{690603D0-F761-4C1A-835D-ED6A0405E711}.Release|Any CPU.ActiveCfg = Release|Any CPU
		{690603D0-F761-4C1A-835D-ED6A0405E711}.Release|Any CPU.Build.0 = Release|Any CPU
	EndGlobalSection
	GlobalSection(NestedProjects) = preSolution
		{7EA0F1E2-DB18-447C-9DBA-3F1F93B04053} = {E2941011-D363-4B8D-8A16-B468B8D6307D}
		{E07FC85D-242C-4329-BD91-2B122480296D} = {E2941011-D363-4B8D-8A16-B468B8D6307D}
		{BCE6E673-5851-4744-9DB5-1B75F66DD8CE} = {E2941011-D363-4B8D-8A16-B468B8D6307D}
	EndGlobalSection
EndGlobal
